# Generated by pub
# See https://dart.dev/tools/pub/glossary#lockfile
packages:
  args:
    dependency: transitive
    description:
      name: args
      url: "https://pub.dartlang.org"
    source: hosted
    version: "2.3.1"
  async:
    dependency: transitive
    description:
      name: async
      url: "https://pub.dartlang.org"
    source: hosted
    version: "2.9.0"
  badges:
    dependency: "direct main"
    description:
      name: badges
      url: "https://pub.dartlang.org"
    source: hosted
    version: "2.0.3"
  boolean_selector:
    dependency: transitive
    description:
      name: boolean_selector
      url: "https://pub.dartlang.org"
    source: hosted
    version: "2.1.0"
  characters:
    dependency: transitive
    description:
      name: characters
      url: "https://pub.dartlang.org"
    source: hosted
    version: "1.2.1"
  charcode:
    dependency: transitive
    description:
      name: charcode
      url: "https://pub.dartlang.org"
    source: hosted
    version: "1.3.1"
  clock:
    dependency: transitive
    description:
      name: clock
      url: "https://pub.dartlang.org"
    source: hosted
    version: "1.1.1"
  collection:
    dependency: "direct main"
    description:
      name: collection
      url: "https://pub.dartlang.org"
    source: hosted
    version: "1.16.0"
  connectivity_plus:
    dependency: "direct main"
    description:
      name: connectivity_plus
      url: "https://pub.dartlang.org"
    source: hosted
    version: "2.3.6+1"
  connectivity_plus_linux:
    dependency: transitive
    description:
      name: connectivity_plus_linux
      url: "https://pub.dartlang.org"
    source: hosted
    version: "1.3.1"
  connectivity_plus_macos:
    dependency: transitive
    description:
      name: connectivity_plus_macos
      url: "https://pub.dartlang.org"
    source: hosted
    version: "1.2.4"
  connectivity_plus_platform_interface:
    dependency: transitive
    description:
      name: connectivity_plus_platform_interface
      url: "https://pub.dartlang.org"
    source: hosted
    version: "1.2.1"
  connectivity_plus_web:
    dependency: transitive
    description:
      name: connectivity_plus_web
      url: "https://pub.dartlang.org"
    source: hosted
    version: "1.2.3"
  connectivity_plus_windows:
    dependency: transitive
    description:
      name: connectivity_plus_windows
      url: "https://pub.dartlang.org"
    source: hosted
    version: "1.2.2"
  dbus:
    dependency: transitive
    description:
      name: dbus
      url: "https://pub.dartlang.org"
    source: hosted
    version: "0.7.8"
  desktop_notifications:
    dependency: "direct main"
    description:
      name: desktop_notifications
      url: "https://pub.dartlang.org"
    source: hosted
    version: "0.6.3"
  fake_async:
    dependency: transitive
    description:
      name: fake_async
      url: "https://pub.dartlang.org"
    source: hosted
    version: "1.3.1"
  ffi:
    dependency: transitive
    description:
      name: ffi
      url: "https://pub.dartlang.org"
    source: hosted
    version: "2.0.1"
  file:
    dependency: transitive
    description:
      name: file
      url: "https://pub.dartlang.org"
    source: hosted
    version: "6.1.4"
  flutter:
    dependency: "direct main"
    description: flutter
    source: sdk
    version: "0.0.0"
  flutter_lints:
    dependency: "direct main"
    description:
      name: flutter_lints
      url: "https://pub.dartlang.org"
    source: hosted
    version: "2.0.1"
  flutter_localizations:
    dependency: "direct main"
    description: flutter
    source: sdk
    version: "0.0.0"
  flutter_markdown:
    dependency: "direct main"
    description:
      name: flutter_markdown
      url: "https://pub.dartlang.org"
    source: hosted
    version: "0.6.10+5"
  flutter_svg:
    dependency: "direct main"
    description:
      name: flutter_svg
      url: "https://pub.dartlang.org"
    source: hosted
    version: "1.1.4"
  flutter_test:
    dependency: "direct dev"
    description: flutter
    source: sdk
    version: "0.0.0"
  flutter_web_plugins:
    dependency: transitive
    description: flutter
    source: sdk
    version: "0.0.0"
  get_it:
    dependency: transitive
    description:
      name: get_it
      url: "https://pub.dartlang.org"
    source: hosted
    version: "7.2.0"
  gsettings:
    dependency: transitive
    description:
      name: gsettings
      url: "https://pub.dartlang.org"
    source: hosted
    version: "0.2.5"
  handy_window:
    dependency: "direct main"
    description:
      name: handy_window
      url: "https://pub.dartlang.org"
    source: hosted
    version: "0.1.6"
  http:
    dependency: transitive
    description:
      name: http
      url: "https://pub.dartlang.org"
    source: hosted
    version: "0.13.5"
  http_parser:
    dependency: transitive
    description:
      name: http_parser
      url: "https://pub.dartlang.org"
    source: hosted
    version: "4.0.1"
  intl:
    dependency: "direct main"
    description:
      name: intl
      url: "https://pub.dartlang.org"
    source: hosted
    version: "0.17.0"
  js:
    dependency: transitive
    description:
      name: js
      url: "https://pub.dartlang.org"
    source: hosted
    version: "0.6.4"
  lints:
    dependency: transitive
    description:
      name: lints
      url: "https://pub.dartlang.org"
    source: hosted
    version: "2.0.0"
  liquid_progress_indicator:
    dependency: "direct main"
    description:
      name: liquid_progress_indicator
      url: "https://pub.dartlang.org"
    source: hosted
    version: "0.4.0"
  markdown:
    dependency: transitive
    description:
      name: markdown
      url: "https://pub.dartlang.org"
    source: hosted
    version: "5.0.0"
  matcher:
    dependency: transitive
    description:
      name: matcher
      url: "https://pub.dartlang.org"
    source: hosted
    version: "0.12.12"
  material_color_utilities:
    dependency: transitive
    description:
      name: material_color_utilities
      url: "https://pub.dartlang.org"
    source: hosted
    version: "0.1.5"
  meta:
    dependency: transitive
    description:
      name: meta
      url: "https://pub.dartlang.org"
    source: hosted
    version: "1.8.0"
  nested:
    dependency: transitive
    description:
      name: nested
      url: "https://pub.dartlang.org"
    source: hosted
    version: "1.0.0"
  nm:
    dependency: transitive
    description:
      name: nm
      url: "https://pub.dartlang.org"
    source: hosted
    version: "0.5.0"
  package_info_plus:
    dependency: "direct main"
    description:
      name: package_info_plus
      url: "https://pub.dartlang.org"
    source: hosted
    version: "1.4.3+1"
  package_info_plus_linux:
    dependency: transitive
    description:
      name: package_info_plus_linux
      url: "https://pub.dartlang.org"
    source: hosted
    version: "1.0.5"
  package_info_plus_macos:
    dependency: transitive
    description:
      name: package_info_plus_macos
      url: "https://pub.dartlang.org"
    source: hosted
    version: "1.3.0"
  package_info_plus_platform_interface:
    dependency: transitive
    description:
      name: package_info_plus_platform_interface
      url: "https://pub.dartlang.org"
    source: hosted
    version: "1.0.2"
  package_info_plus_web:
    dependency: transitive
    description:
      name: package_info_plus_web
      url: "https://pub.dartlang.org"
    source: hosted
    version: "1.0.5"
  package_info_plus_windows:
    dependency: transitive
    description:
      name: package_info_plus_windows
      url: "https://pub.dartlang.org"
    source: hosted
    version: "2.0.0"
  packagekit:
    dependency: "direct main"
    description:
      path: "."
      ref: HEAD
      resolved-ref: "3957ad0107f9ee7d7ba8045dc9a5c52a822539ed"
      url: "https://github.com/canonical/packagekit.dart"
    source: git
    version: "0.2.4"
  palette_generator:
    dependency: "direct main"
    description:
      name: palette_generator
      url: "https://pub.dartlang.org"
    source: hosted
    version: "0.3.3+2"
  path:
    dependency: transitive
    description:
      name: path
      url: "https://pub.dartlang.org"
    source: hosted
    version: "1.8.2"
  path_drawing:
    dependency: transitive
    description:
      name: path_drawing
      url: "https://pub.dartlang.org"
    source: hosted
    version: "1.0.1"
  path_parsing:
    dependency: transitive
    description:
      name: path_parsing
      url: "https://pub.dartlang.org"
    source: hosted
    version: "1.0.1"
  petitparser:
    dependency: transitive
    description:
      name: petitparser
      url: "https://pub.dartlang.org"
    source: hosted
    version: "5.0.0"
  platform:
    dependency: transitive
    description:
      name: platform
      url: "https://pub.dartlang.org"
    source: hosted
    version: "3.1.0"
  plugin_platform_interface:
    dependency: transitive
    description:
      name: plugin_platform_interface
      url: "https://pub.dartlang.org"
    source: hosted
    version: "2.1.2"
  process:
    dependency: transitive
    description:
      name: process
      url: "https://pub.dartlang.org"
    source: hosted
    version: "4.2.4"
  provider:
    dependency: "direct main"
    description:
      name: provider
      url: "https://pub.dartlang.org"
    source: hosted
    version: "6.0.3"
  quiver:
    dependency: "direct main"
    description:
      name: quiver
      url: "https://pub.dartlang.org"
    source: hosted
    version: "3.1.0"
  safe_change_notifier:
    dependency: "direct main"
    description:
      name: safe_change_notifier
      url: "https://pub.dartlang.org"
    source: hosted
    version: "0.1.0+1"
  screen_retriever:
    dependency: transitive
    description:
      name: screen_retriever
      url: "https://pub.dartlang.org"
    source: hosted
    version: "0.1.2"
  sky_engine:
    dependency: transitive
    description: flutter
    source: sdk
    version: "0.0.99"
  snapd:
    dependency: "direct main"
    description:
      path: "."
      ref: HEAD
      resolved-ref: b2c54d903e06f4bada382a29ef9f4efa9485e4c0
      url: "https://github.com/canonical/snapd.dart"
    source: git
    version: "0.4.5"
  source_span:
    dependency: transitive
    description:
      name: source_span
      url: "https://pub.dartlang.org"
    source: hosted
    version: "1.9.0"
  stack_trace:
    dependency: transitive
    description:
      name: stack_trace
      url: "https://pub.dartlang.org"
    source: hosted
    version: "1.10.0"
  stream_channel:
    dependency: transitive
    description:
      name: stream_channel
      url: "https://pub.dartlang.org"
    source: hosted
    version: "2.1.0"
  string_scanner:
    dependency: transitive
    description:
      name: string_scanner
      url: "https://pub.dartlang.org"
    source: hosted
    version: "1.1.1"
  term_glyph:
    dependency: transitive
    description:
      name: term_glyph
      url: "https://pub.dartlang.org"
    source: hosted
    version: "1.2.1"
  test_api:
    dependency: transitive
    description:
      name: test_api
      url: "https://pub.dartlang.org"
    source: hosted
    version: "0.4.12"
  typed_data:
    dependency: transitive
    description:
      name: typed_data
      url: "https://pub.dartlang.org"
    source: hosted
    version: "1.3.1"
  ubuntu_service:
    dependency: "direct main"
    description:
      name: ubuntu_service
      url: "https://pub.dartlang.org"
    source: hosted
    version: "0.1.0"
  url_launcher:
    dependency: "direct main"
    description:
      name: url_launcher
      url: "https://pub.dartlang.org"
    source: hosted
    version: "6.1.5"
  url_launcher_android:
    dependency: transitive
    description:
      name: url_launcher_android
      url: "https://pub.dartlang.org"
    source: hosted
    version: "6.0.17"
  url_launcher_ios:
    dependency: transitive
    description:
      name: url_launcher_ios
      url: "https://pub.dartlang.org"
    source: hosted
    version: "6.0.17"
  url_launcher_linux:
    dependency: transitive
    description:
      name: url_launcher_linux
      url: "https://pub.dartlang.org"
    source: hosted
    version: "3.0.1"
  url_launcher_macos:
    dependency: transitive
    description:
      name: url_launcher_macos
      url: "https://pub.dartlang.org"
    source: hosted
    version: "3.0.1"
  url_launcher_platform_interface:
    dependency: transitive
    description:
      name: url_launcher_platform_interface
      url: "https://pub.dartlang.org"
    source: hosted
    version: "2.1.0"
  url_launcher_web:
    dependency: transitive
    description:
      name: url_launcher_web
      url: "https://pub.dartlang.org"
    source: hosted
    version: "2.0.13"
  url_launcher_windows:
    dependency: transitive
    description:
      name: url_launcher_windows
      url: "https://pub.dartlang.org"
    source: hosted
    version: "3.0.1"
  vector_math:
    dependency: transitive
    description:
      name: vector_math
      url: "https://pub.dartlang.org"
    source: hosted
    version: "2.1.2"
  version:
    dependency: "direct main"
    description:
      name: version
      url: "https://pub.dartlang.org"
    source: hosted
    version: "2.0.3"
  win32:
    dependency: transitive
    description:
      name: win32
      url: "https://pub.dartlang.org"
    source: hosted
    version: "2.7.0"
  window_manager:
    dependency: "direct main"
    description:
      name: window_manager
      url: "https://pub.dartlang.org"
    source: hosted
    version: "0.2.7"
  xdg_directories:
    dependency: transitive
    description:
      name: xdg_directories
      url: "https://pub.dartlang.org"
    source: hosted
    version: "0.2.0+2"
  xml:
    dependency: transitive
    description:
      name: xml
      url: "https://pub.dartlang.org"
    source: hosted
    version: "6.1.0"
  yaru:
    dependency: "direct main"
    description:
      path: "."
      ref: HEAD
      resolved-ref: ad457584c6cc8efb4a06c26459ba289cb6995ed9
      url: "https://github.com/ubuntu/yaru.dart"
    source: git
    version: "0.3.3"
  yaru_color_generator:
    dependency: transitive
    description:
      name: yaru_color_generator
      url: "https://pub.dartlang.org"
    source: hosted
    version: "0.1.0"
  yaru_colors:
    dependency: "direct main"
    description:
      name: yaru_colors
      url: "https://pub.dartlang.org"
    source: hosted
    version: "0.1.0"
  yaru_icons:
    dependency: "direct main"
    description:
      path: "."
      ref: HEAD
      resolved-ref: f99ad6700c8d445f88326294946e5c3be28deb99
      url: "https://github.com/ubuntu/yaru_icons.dart"
    source: git
    version: "0.2.1"
  yaru_widgets:
    dependency: "direct main"
    description:
      path: "."
      ref: HEAD
      resolved-ref: bbf435a48cb2e24a8e67865a56832ffd92c859fa
      url: "https://github.com/ubuntu/yaru_widgets.dart"
    source: git
    version: "1.1.1"
sdks:
  dart: ">=2.17.0 <3.0.0"
  flutter: ">=3.0.0"
